
Microsoft Visual Studio Solution File, Format Version 12.00
# Visual Studio 2012
Project("{FAE04EC0-301F-11D3-BF4B-00C04F79EFBC}") = "Carfac.Client.CacheProvider", "CacheProvider\Carfac.Client.CacheProvider.csproj", "{1F6AEA74-AD0F-49C8-B979-E02AC3E2CFD0}"
EndProject
Project("{2150E333-8FDC-42A3-9474-1A3956D46DE8}") = ".nuget", ".nuget", "{8ED65268-C143-471C-A9D6-C8C86DBCA538}"
	ProjectSection(SolutionItems) = preProject
		.nuget\NuGet.Config = .nuget\NuGet.Config
		.nuget\NuGet.exe = .nuget\NuGet.exe
		.nuget\NuGet.targets = .nuget\NuGet.targets
	EndProjectSection
EndProject
Project("{FAE04EC0-301F-11D3-BF4B-00C04F79EFBC}") = "Carfac.Client.CacheProvider.UnitTests", "Carfac.Client.CacheProvider.UnitTests\Carfac.Client.CacheProvider.UnitTests.csproj", "{E6BA0F0F-6BBC-4CEB-AFC4-FF0E8EDDC193}"
EndProject
Project("{2150E333-8FDC-42A3-9474-1A3956D46DE8}") = "Solution Items", "Solution Items", "{0C971565-77FF-456E-85B6-A65FAFECF61B}"
	ProjectSection(SolutionItems) = preProject
		Carfac.Client.CacheProvider.vsmdi = Carfac.Client.CacheProvider.vsmdi
		UnitTests.testsettings = UnitTests.testsettings
	EndProjectSection
EndProject
Global
	GlobalSection(TestCaseManagementSettings) = postSolution
		CategoryFile = Carfac.Client.CacheProvider.vsmdi
	EndGlobalSection
	GlobalSection(SolutionConfigurationPlatforms) = preSolution
		Debug|Any CPU = Debug|Any CPU
		Release|Any CPU = Release|Any CPU
	EndGlobalSection
	GlobalSection(ProjectConfigurationPlatforms) = postSolution
		{1F6AEA74-AD0F-49C8-B979-E02AC3E2CFD0}.Debug|Any CPU.ActiveCfg = Debug|Any CPU
		{1F6AEA74-AD0F-49C8-B979-E02AC3E2CFD0}.Debug|Any CPU.Build.0 = Debug|Any CPU
		{1F6AEA74-AD0F-49C8-B979-E02AC3E2CFD0}.Release|Any CPU.ActiveCfg = Release|Any CPU
		{1F6AEA74-AD0F-49C8-B979-E02AC3E2CFD0}.Release|Any CPU.Build.0 = Release|Any CPU
		{E6BA0F0F-6BBC-4CEB-AFC4-FF0E8EDDC193}.Debug|Any CPU.ActiveCfg = Debug|Any CPU
		{E6BA0F0F-6BBC-4CEB-AFC4-FF0E8EDDC193}.Debug|Any CPU.Build.0 = Debug|Any CPU
		{E6BA0F0F-6BBC-4CEB-AFC4-FF0E8EDDC193}.Release|Any CPU.ActiveCfg = Release|Any CPU
		{E6BA0F0F-6BBC-4CEB-AFC4-FF0E8EDDC193}.Release|Any CPU.Build.0 = Release|Any CPU
	EndGlobalSection
	GlobalSection(SolutionProperties) = preSolution
		HideSolutionNode = FALSE
	EndGlobalSection
EndGlobal
